{
    "name": "nikrisht",
    "version": "0.1.2",
    "lockfileVersion": 3,
    "requires": true,
    "packages": {
        "": {
            "name": "nikrisht",
            "version": "0.1.2",
            "license": "MIT-0",
            "dependencies": {
                "ansis": "^4.3.1"
            },
            "bin": {
                "nki": "CLI/nki.js"
            }
        },
        "node_modules/ansis": {
            "version": "4.3.1",
            "resolved": "https://registry.npmjs.org/ansis/-/ansis-4.3.1.tgz",
            "integrity": "sha512-BJ8/l4R5LRE7hW9WdSuGYrLSHi2ynxeFpDFbH0K/CgNeY/tyhk+vO6TYxXC5r5CpUhNVX310xzPsN/H9lCdfOA==",
            "license": "ISC",
            "engines": {
                "node": ">=14"
            }
        }
    }
}
